
Microsoft Visual Studio Solution File, Format Version 12.00
# Visual Studio 15
VisualStudioVersion = 15.0.28307.902
MinimumVisualStudioVersion = 10.0.40219.1
Project("{FAE04EC0-301F-11D3-BF4B-00C04F79EFBC}") = "PP", "PP\PP.csproj", "{0187E322-F7C0-40FD-B97F-9BF28F773104}"
EndProject
Global
	GlobalSection(SolutionConfigurationPlatforms) = preSolution
		Debug|Any CPU = Debug|Any CPU
		Release|Any CPU = Release|Any CPU
	EndGlobalSection
	GlobalSection(ProjectConfigurationPlatforms) = postSolution
		{0187E322-F7C0-40FD-B97F-9BF28F773104}.Debug|Any CPU.ActiveCfg = Debug|Any CPU
		{0187E322-F7C0-40FD-B97F-9BF28F773104}.Debug|Any CPU.Build.0 = Debug|Any CPU
		{0187E322-F7C0-40FD-B97F-9BF28F773104}.Release|Any CPU.ActiveCfg = Release|Any CPU
		{0187E322-F7C0-40FD-B97F-9BF28F773104}.Release|Any CPU.Build.0 = Release|Any CPU
	EndGlobalSection
	GlobalSection(SolutionProperties) = preSolution
		HideSolutionNode = FALSE
	EndGlobalSection
	GlobalSection(ExtensibilityGlobals) = postSolution
		SolutionGuid = {58060C58-9E56-47BD-A5E8-E7D6067802D6}
	EndGlobalSection
EndGlobal
